
Microsoft Visual Studio Solution File, Format Version 12.00
Project("{FAE04EC0-301F-11D3-BF4B-00C04F79EFBC}") = "ModelsLibrary", "ModelsLibrary\ModelsLibrary.csproj", "{013EF903-06C6-4D30-A437-3891E34C6323}"
EndProject
Project("{FAE04EC0-301F-11D3-BF4B-00C04F79EFBC}") = "LenditAPI", "LenditAPI\LenditAPI.csproj", "{2B4CBB51-E667-4FCA-A596-B7EBD1A3055C}"
EndProject
Project("{2150E333-8FDC-42A3-9474-1A3956D46DE8}") = "Solution Items", "Solution Items", "{8DF77B1E-E4D9-4F32-AE81-00F8B95D5740}"
	ProjectSection(SolutionItems) = preProject
		compose.yml = compose.yml
	EndProjectSection
EndProject
Project("{FAE04EC0-301F-11D3-BF4B-00C04F79EFBC}") = "KafkaProducer", "KafkaProducer\KafkaProducer.csproj", "{C479DB4A-91CC-4DA2-97A1-EC306296B6BF}"
EndProject
Project("{FAE04EC0-301F-11D3-BF4B-00C04F79EFBC}") = "KafkaConsumer", "KafkaConsumer\KafkaConsumer.csproj", "{78CF627B-FEA3-408A-8C9F-ABFEC005825E}"
EndProject
Global
	GlobalSection(SolutionConfigurationPlatforms) = preSolution
		Debug|Any CPU = Debug|Any CPU
		Release|Any CPU = Release|Any CPU
	EndGlobalSection
	GlobalSection(ProjectConfigurationPlatforms) = postSolution
		{013EF903-06C6-4D30-A437-3891E34C6323}.Debug|Any CPU.ActiveCfg = Debug|Any CPU
		{013EF903-06C6-4D30-A437-3891E34C6323}.Debug|Any CPU.Build.0 = Debug|Any CPU
		{013EF903-06C6-4D30-A437-3891E34C6323}.Release|Any CPU.ActiveCfg = Release|Any CPU
		{013EF903-06C6-4D30-A437-3891E34C6323}.Release|Any CPU.Build.0 = Release|Any CPU
		{2B4CBB51-E667-4FCA-A596-B7EBD1A3055C}.Debug|Any CPU.ActiveCfg = Debug|Any CPU
		{2B4CBB51-E667-4FCA-A596-B7EBD1A3055C}.Debug|Any CPU.Build.0 = Debug|Any CPU
		{2B4CBB51-E667-4FCA-A596-B7EBD1A3055C}.Release|Any CPU.ActiveCfg = Release|Any CPU
		{2B4CBB51-E667-4FCA-A596-B7EBD1A3055C}.Release|Any CPU.Build.0 = Release|Any CPU
		{C479DB4A-91CC-4DA2-97A1-EC306296B6BF}.Debug|Any CPU.ActiveCfg = Debug|Any CPU
		{C479DB4A-91CC-4DA2-97A1-EC306296B6BF}.Debug|Any CPU.Build.0 = Debug|Any CPU
		{C479DB4A-91CC-4DA2-97A1-EC306296B6BF}.Release|Any CPU.ActiveCfg = Release|Any CPU
		{C479DB4A-91CC-4DA2-97A1-EC306296B6BF}.Release|Any CPU.Build.0 = Release|Any CPU
		{78CF627B-FEA3-408A-8C9F-ABFEC005825E}.Debug|Any CPU.ActiveCfg = Debug|Any CPU
		{78CF627B-FEA3-408A-8C9F-ABFEC005825E}.Debug|Any CPU.Build.0 = Debug|Any CPU
		{78CF627B-FEA3-408A-8C9F-ABFEC005825E}.Release|Any CPU.ActiveCfg = Release|Any CPU
		{78CF627B-FEA3-408A-8C9F-ABFEC005825E}.Release|Any CPU.Build.0 = Release|Any CPU
	EndGlobalSection
EndGlobal
