
Microsoft Visual Studio Solution File, Format Version 12.00
Project("{FAE04EC0-301F-11D3-BF4B-00C04F79EFBC}") = "ModelsLibrary", "ModelsLibrary\ModelsLibrary.csproj", "{013EF903-06C6-4D30-A437-3891E34C6323}"
EndProject
Global
	GlobalSection(SolutionConfigurationPlatforms) = preSolution
		Debug|Any CPU = Debug|Any CPU
		Release|Any CPU = Release|Any CPU
	EndGlobalSection
	GlobalSection(ProjectConfigurationPlatforms) = postSolution
		{013EF903-06C6-4D30-A437-3891E34C6323}.Debug|Any CPU.ActiveCfg = Debug|Any CPU
		{013EF903-06C6-4D30-A437-3891E34C6323}.Debug|Any CPU.Build.0 = Debug|Any CPU
		{013EF903-06C6-4D30-A437-3891E34C6323}.Release|Any CPU.ActiveCfg = Release|Any CPU
		{013EF903-06C6-4D30-A437-3891E34C6323}.Release|Any CPU.Build.0 = Release|Any CPU
	EndGlobalSection
EndGlobal
